<?xml version="1.0" encoding="utf-8"?>
<Project ToolsVersion="4.0" xmlns="http://schemas.microsoft.com/developer/msbuild/2003">
  <ItemGroup>
    <Filter Include="libgraphics">
      <UniqueIdentifier>{f6cde11e-a3c2-4a0c-baff-8ca71105b060}</UniqueIdentifier>
    </Filter>
    <Filter Include="imgui">
      <UniqueIdentifier>{93995380-89BD-4b04-88EB-625FBE52EBFB}</UniqueIdentifier>
      <Extensions>h;hpp;hxx;hm;inl;inc;xsd</Extensions>
    </Filter>
  </ItemGroup>
  <ItemGroup>
    <ClInclude Include="..\..\libgraphics\boolean.h">
      <Filter>libgraphics</Filter>
    </ClInclude>
    <ClInclude Include="..\..\libgraphics\exception.h">
      <Filter>libgraphics</Filter>
    </ClInclude>
    <ClInclude Include="..\..\libgraphics\extgraph.h">
      <Filter>libgraphics</Filter>
    </ClInclude>
    <ClInclude Include="..\..\libgraphics\gcalloc.h">
      <Filter>libgraphics</Filter>
    </ClInclude>
    <ClInclude Include="..\..\libgraphics\genlib.h">
      <Filter>libgraphics</Filter>
    </ClInclude>
    <ClInclude Include="..\..\libgraphics\graphics.h">
      <Filter>libgraphics</Filter>
    </ClInclude>
    <ClInclude Include="..\..\libgraphics\linkedlist.h">
      <Filter>libgraphics</Filter>
    </ClInclude>
    <ClInclude Include="..\..\libgraphics\random.h">
      <Filter>libgraphics</Filter>
    </ClInclude>
    <ClInclude Include="..\..\libgraphics\simpio.h">
      <Filter>libgraphics</Filter>
    </ClInclude>
    <ClInclude Include="..\..\libgraphics\strlib.h">
      <Filter>libgraphics</Filter>
    </ClInclude>
    <ClInclude Include="..\..\simpleGUI\imgui.h">
      <Filter>imgui</Filter>
    </ClInclude>
  </ItemGroup>
  <ItemGroup>
    <ClCompile Include="..\..\libgraphics\exceptio.c">
      <Filter>libgraphics</Filter>
    </ClCompile>
    <ClCompile Include="..\..\libgraphics\genlib.c">
      <Filter>libgraphics</Filter>
    </ClCompile>
    <ClCompile Include="..\..\libgraphics\graphics.c">
      <Filter>libgraphics</Filter>
    </ClCompile>
    <ClCompile Include="..\..\libgraphics\linkedlist.c">
      <Filter>libgraphics</Filter>
    </ClCompile>
    <ClCompile Include="..\..\libgraphics\random.c">
      <Filter>libgraphics</Filter>
    </ClCompile>
    <ClCompile Include="..\..\libgraphics\simpio.c">
      <Filter>libgraphics</Filter>
    </ClCompile>
    <ClCompile Include="..\..\libgraphics\strlib.c">
      <Filter>libgraphics</Filter>
    </ClCompile>
    <ClCompile Include="..\..\simpleGUI\imgui.c">
      <Filter>imgui</Filter>
    </ClCompile>
    <ClCompile Include="..\..\tutorialcode\0-emptywindow.c" />
  </ItemGroup>
</Project>