<?xml version="1.0" encoding="utf-8"?>
<Project ToolsVersion="4.0" xmlns="http://schemas.microsoft.com/developer/msbuild/2003">
  <ItemGroup>
    <Filter Include="imgui">
      <UniqueIdentifier>{0b5dca53-e357-4086-91d4-ceaeb5730f5e}</UniqueIdentifier>
    </Filter>
    <Filter Include="libgraphics">
      <UniqueIdentifier>{de5bbc42-222b-40e9-a1e5-30ab42e187be}</UniqueIdentifier>
    </Filter>
  </ItemGroup>
  <ItemGroup>
    <ClCompile Include="..\..\simpleGUI\imgui.c">
      <Filter>imgui</Filter>
    </ClCompile>
    <ClCompile Include="..\..\libgraphics\exceptio.c">
      <Filter>libgraphics</Filter>
    </ClCompile>
    <ClCompile Include="..\..\libgraphics\genlib.c">
      <Filter>libgraphics</Filter>
    </ClCompile>
    <ClCompile Include="..\..\libgraphics\graphics.c">
      <Filter>libgraphics</Filter>
    </ClCompile>
    <ClCompile Include="..\..\libgraphics\linkedlist.c">
      <Filter>libgraphics</Filter>
    </ClCompile>
    <ClCompile Include="..\..\libgraphics\random.c">
      <Filter>libgraphics</Filter>
    </ClCompile>
    <ClCompile Include="..\..\libgraphics\simpio.c">
      <Filter>libgraphics</Filter>
    </ClCompile>
    <ClCompile Include="..\..\libgraphics\strlib.c">
      <Filter>libgraphics</Filter>
    </ClCompile>
    <ClCompile Include="..\..\tutorialcode\3-usemouse.c" />
  </ItemGroup>
  <ItemGroup>
    <ClInclude Include="..\..\simpleGUI\imgui.h">
      <Filter>imgui</Filter>
    </ClInclude>
    <ClInclude Include="..\..\libgraphics\boolean.h">
      <Filter>libgraphics</Filter>
    </ClInclude>
    <ClInclude Include="..\..\libgraphics\exception.h">
      <Filter>libgraphics</Filter>
    </ClInclude>
    <ClInclude Include="..\..\libgraphics\extgraph.h">
      <Filter>libgraphics</Filter>
    </ClInclude>
    <ClInclude Include="..\..\libgraphics\gcalloc.h">
      <Filter>libgraphics</Filter>
    </ClInclude>
    <ClInclude Include="..\..\libgraphics\genlib.h">
      <Filter>libgraphics</Filter>
    </ClInclude>
    <ClInclude Include="..\..\libgraphics\graphics.h">
      <Filter>libgraphics</Filter>
    </ClInclude>
    <ClInclude Include="..\..\libgraphics\linkedlist.h">
      <Filter>libgraphics</Filter>
    </ClInclude>
    <ClInclude Include="..\..\libgraphics\random.h">
      <Filter>libgraphics</Filter>
    </ClInclude>
    <ClInclude Include="..\..\libgraphics\simpio.h">
      <Filter>libgraphics</Filter>
    </ClInclude>
    <ClInclude Include="..\..\libgraphics\strlib.h">
      <Filter>libgraphics</Filter>
    </ClInclude>
  </ItemGroup>
</Project>