<?xml version="1.0" encoding="utf-8"?>
<Project ToolsVersion="4.0" xmlns="http://schemas.microsoft.com/developer/msbuild/2003">
  <ItemGroup>
    <Filter Include="imgui">
      <UniqueIdentifier>{7f4f713c-5fd9-4248-a640-8cbcd40ea4fb}</UniqueIdentifier>
    </Filter>
    <Filter Include="libgraphics">
      <UniqueIdentifier>{69fbb820-afa4-41cb-8a57-ff6c9f7357d9}</UniqueIdentifier>
    </Filter>
  </ItemGroup>
  <ItemGroup>
    <ClCompile Include="..\..\simpleGUI\imgui.c">
      <Filter>imgui</Filter>
    </ClCompile>
    <ClCompile Include="..\..\libgraphics\exceptio.c">
      <Filter>libgraphics</Filter>
    </ClCompile>
    <ClCompile Include="..\..\libgraphics\genlib.c">
      <Filter>libgraphics</Filter>
    </ClCompile>
    <ClCompile Include="..\..\libgraphics\graphics.c">
      <Filter>libgraphics</Filter>
    </ClCompile>
    <ClCompile Include="..\..\libgraphics\linkedlist.c">
      <Filter>libgraphics</Filter>
    </ClCompile>
    <ClCompile Include="..\..\libgraphics\random.c">
      <Filter>libgraphics</Filter>
    </ClCompile>
    <ClCompile Include="..\..\libgraphics\simpio.c">
      <Filter>libgraphics</Filter>
    </ClCompile>
    <ClCompile Include="..\..\libgraphics\strlib.c">
      <Filter>libgraphics</Filter>
    </ClCompile>
    <ClCompile Include="..\..\tutorialcode\hanoicode\draw.c" />
    <ClCompile Include="..\..\tutorialcode\hanoicode\hanoi.c" />
    <ClCompile Include="..\..\tutorialcode\hanoicode\main.c" />
    <ClCompile Include="..\..\tutorialcode\hanoicode\move.c" />
  </ItemGroup>
  <ItemGroup>
    <ClInclude Include="..\..\simpleGUI\imgui.h">
      <Filter>imgui</Filter>
    </ClInclude>
    <ClInclude Include="..\..\libgraphics\boolean.h">
      <Filter>libgraphics</Filter>
    </ClInclude>
    <ClInclude Include="..\..\libgraphics\exception.h">
      <Filter>libgraphics</Filter>
    </ClInclude>
    <ClInclude Include="..\..\libgraphics\extgraph.h">
      <Filter>libgraphics</Filter>
    </ClInclude>
    <ClInclude Include="..\..\libgraphics\gcalloc.h">
      <Filter>libgraphics</Filter>
    </ClInclude>
    <ClInclude Include="..\..\libgraphics\genlib.h">
      <Filter>libgraphics</Filter>
    </ClInclude>
    <ClInclude Include="..\..\libgraphics\graphics.h">
      <Filter>libgraphics</Filter>
    </ClInclude>
    <ClInclude Include="..\..\libgraphics\linkedlist.h">
      <Filter>libgraphics</Filter>
    </ClInclude>
    <ClInclude Include="..\..\libgraphics\random.h">
      <Filter>libgraphics</Filter>
    </ClInclude>
    <ClInclude Include="..\..\libgraphics\simpio.h">
      <Filter>libgraphics</Filter>
    </ClInclude>
    <ClInclude Include="..\..\libgraphics\strlib.h">
      <Filter>libgraphics</Filter>
    </ClInclude>
    <ClInclude Include="..\..\tutorialcode\hanoicode\hanoi.h" />
  </ItemGroup>
</Project>